
Microsoft Visual Studio Solution File, Format Version 12.00
# Visual Studio Version 17
VisualStudioVersion = 17.9.34518.117
MinimumVisualStudioVersion = 10.0.40219.1
Project("{9A19103F-16F7-4668-BE54-9A1E7A4F7556}") = "TermSAT", "TermSAT\TermSAT.csproj", "{054F8D54-81BB-4C17-8662-9B622D56449F}"
EndProject
Project("{2150E333-8FDC-42A3-9474-1A3956D46DE8}") = "Scripts", "Scripts", "{5AFACEBF-9868-423F-ACD3-A738245BFE28}"
EndProject
Project("{9A19103F-16F7-4668-BE54-9A1E7A4F7556}") = "RuleGenerator", "Scripts\RuleGenerator\RuleGenerator.csproj", "{D6F3F06E-6D71-4326-8149-D279F434C03C}"
	ProjectSection(ProjectDependencies) = postProject
		{054F8D54-81BB-4C17-8662-9B622D56449F} = {054F8D54-81BB-4C17-8662-9B622D56449F}
	EndProjectSection
EndProject
Project("{2150E333-8FDC-42A3-9474-1A3956D46DE8}") = "doc", "doc", "{71E6E5C3-3E70-4A51-89A5-FF72A3A3064B}"
	ProjectSection(SolutionItems) = preProject
		doc\formulas.md = doc\formulas.md
		doc\how-rulesat-works.md = doc\how-rulesat-works.md
		doc\rule-database.md = doc\rule-database.md
		doc\nand-sat.md = doc\nand-sat.md
		doc\sat.md = doc\sat.md
		doc\systemp.wiki = doc\systemp.wiki
	EndProjectSection
EndProject
Project("{2150E333-8FDC-42A3-9474-1A3956D46DE8}") = "Solution Items", "Solution Items", "{E509A742-D024-441A-811F-BF42E42A658C}"
	ProjectSection(SolutionItems) = preProject
		LICENSE = LICENSE
		README.md = README.md
	EndProjectSection
EndProject
Global
	GlobalSection(SolutionConfigurationPlatforms) = preSolution
		Debug|Any CPU = Debug|Any CPU
		Release|Any CPU = Release|Any CPU
	EndGlobalSection
	GlobalSection(ProjectConfigurationPlatforms) = postSolution
		{054F8D54-81BB-4C17-8662-9B622D56449F}.Debug|Any CPU.ActiveCfg = Debug|Any CPU
		{054F8D54-81BB-4C17-8662-9B622D56449F}.Debug|Any CPU.Build.0 = Debug|Any CPU
		{054F8D54-81BB-4C17-8662-9B622D56449F}.Release|Any CPU.ActiveCfg = Release|Any CPU
		{054F8D54-81BB-4C17-8662-9B622D56449F}.Release|Any CPU.Build.0 = Release|Any CPU
		{D6F3F06E-6D71-4326-8149-D279F434C03C}.Debug|Any CPU.ActiveCfg = Debug|Any CPU
		{D6F3F06E-6D71-4326-8149-D279F434C03C}.Debug|Any CPU.Build.0 = Debug|Any CPU
		{D6F3F06E-6D71-4326-8149-D279F434C03C}.Release|Any CPU.ActiveCfg = Release|Any CPU
		{D6F3F06E-6D71-4326-8149-D279F434C03C}.Release|Any CPU.Build.0 = Release|Any CPU
	EndGlobalSection
	GlobalSection(SolutionProperties) = preSolution
		HideSolutionNode = FALSE
	EndGlobalSection
	GlobalSection(NestedProjects) = preSolution
		{5AFACEBF-9868-423F-ACD3-A738245BFE28} = {E509A742-D024-441A-811F-BF42E42A658C}
		{D6F3F06E-6D71-4326-8149-D279F434C03C} = {5AFACEBF-9868-423F-ACD3-A738245BFE28}
		{71E6E5C3-3E70-4A51-89A5-FF72A3A3064B} = {E509A742-D024-441A-811F-BF42E42A658C}
	EndGlobalSection
	GlobalSection(ExtensibilityGlobals) = postSolution
		SolutionGuid = {00720F28-EE2D-4887-9D7E-C942801ED5FE}
	EndGlobalSection
EndGlobal
